
Microsoft Visual Studio Solution File, Format Version 12.00
# Visual Studio 15
Project("{FAE04EC0-301F-11D3-BF4B-00C04F79EFBC}") = "ChurchwellRussell_WorkingApp", "ChurchwellRussell_WorkingApp.csproj", "{23013B7C-B4CE-4EC1-9806-06DC075BE91F}"
EndProject
Global
	GlobalSection(SolutionConfigurationPlatforms) = preSolution
		Debug|anycpu = Debug|anycpu
		Release|anycpu = Release|anycpu
	EndGlobalSection
	GlobalSection(ProjectConfigurationPlatforms) = postSolution
		{23013B7C-B4CE-4EC1-9806-06DC075BE91F}.Debug|anycpu.ActiveCfg = Debug|anycpu
		{23013B7C-B4CE-4EC1-9806-06DC075BE91F}.Debug|anycpu.Build.0 = Debug|anycpu
		{23013B7C-B4CE-4EC1-9806-06DC075BE91F}.Release|anycpu.ActiveCfg = Release|anycpu
		{23013B7C-B4CE-4EC1-9806-06DC075BE91F}.Release|anycpu.Build.0 = Release|anycpu
	EndGlobalSection
EndGlobal
